// !$*UTF8*$!
{
	archiveVersion = 1;
	classes = {
	};
	objectVersion = 46;
	objects = {

/* Begin PBXBuildFile section */
		2854BDAE1B54AC6B003D4339 /* AppDelegate.swift in Sources */ = {isa = PBXBuildFile; fileRef = 2854BDAD1B54AC6B003D4339 /* AppDelegate.swift */; };
		2854BDB01B54AC6B003D4339 /* ViewController.swift in Sources */ = {isa = PBXBuildFile; fileRef = 2854BDAF1B54AC6B003D4339 /* ViewController.swift */; };
		2854BDB31B54AC6B003D4339 /* Main.storyboard in Resources */ = {isa = PBXBuildFile; fileRef = 2854BDB11B54AC6B003D4339 /* Main.storyboard */; };
		2854BDB51B54AC6B003D4339 /* Images.xcassets in Resources */ = {isa = PBXBuildFile; fileRef = 2854BDB41B54AC6B003D4339 /* Images.xcassets */; };
		2854BDB81B54AC6B003D4339 /* LaunchScreen.xib in Resources */ = {isa = PBXBuildFile; fileRef = 2854BDB61B54AC6B003D4339 /* LaunchScreen.xib */; };
		2854BDC41B54AC6B003D4339 /* QRCodeReaderTests.swift in Sources */ = {isa = PBXBuildFile; fileRef = 2854BDC31B54AC6B003D4339 /* QRCodeReaderTests.swift */; };
/* End PBXBuildFile section */

/* Begin PBXContainerItemProxy section */
		2854BDBE1B54AC6B003D4339 /* PBXContainerItemProxy */ = {
			isa = PBXContainerItemProxy;
			containerPortal = 2854BDA01B54AC6B003D4339 /* Project object */;
			proxyType = 1;
			remoteGlobalIDString = 2854BDA71B54AC6B003D4339;
			remoteInfo = QRCodeReader;
		};
/* End PBXContainerItemProxy section */

/* Begin PBXFileReference section */
		2854BDA81B54AC6B003D4339 /* QRCodeReader.app */ = {isa = PBXFileReference; explicitFileType = wrapper.application; includeInIndex = 0; path = QRCodeReader.app; sourceTree = BUILT_PRODUCTS_DIR; };
		2854BDAC1B54AC6B003D4339 /* Info.plist */ = {isa = PBXFileReference; lastKnownFileType = text.plist.xml; path = Info.plist; sourceTree = "<group>"; };
		2854BDAD1B54AC6B003D4339 /* AppDelegate.swift */ = {isa = PBXFileReference; lastKnownFileType = sourcecode.swift; path = AppDelegate.swift; sourceTree = "<group>"; };
		2854BDAF1B54AC6B003D4339 /* ViewController.swift */ = {isa = PBXFileReference; lastKnownFileType = sourcecode.swift; path = ViewController.swift; sourceTree = "<group>"; };
		2854BDB21B54AC6B003D4339 /* Base */ = {isa = PBXFileReference; lastKnownFileType = file.storyboard; name = Base; path = Base.lproj/Main.storyboard; sourceTree = "<group>"; };
		2854BDB41B54AC6B003D4339 /* Images.xcassets */ = {isa = PBXFileReference; lastKnownFileType = folder.assetcatalog; path = Images.xcassets; sourceTree = "<group>"; };
		2854BDB71B54AC6B003D4339 /* Base */ = {isa = PBXFileReference; lastKnownFileType = file.xib; name = Base; path = Base.lproj/LaunchScreen.xib; sourceTree = "<group>"; };
		2854BDBD1B54AC6B003D4339 /* QRCodeReaderTests.xctest */ = {isa = PBXFileReference; explicitFileType = wrapper.cfbundle; includeInIndex = 0; path = QRCodeReaderTests.xctest; sourceTree = BUILT_PRODUCTS_DIR; };
		2854BDC21B54AC6B003D4339 /* Info.plist */ = {isa = PBXFileReference; lastKnownFileType = text.plist.xml; path = Info.plist; sourceTree = "<group>"; };
		2854BDC31B54AC6B003D4339 /* QRCodeReaderTests.swift */ = {isa = PBXFileReference; lastKnownFileType = sourcecode.swift; path = QRCodeReaderTests.swift; sourceTree = "<group>"; };
/* End PBXFileReference section */

/* Begin PBXFrameworksBuildPhase section */
		2854BDA51B54AC6B003D4339 /* Frameworks */ = {
			isa = PBXFrameworksBuildPhase;
			buildActionMask = 2147483647;
			files = (
			);
			runOnlyForDeploymentPostprocessing = 0;
		};
		2854BDBA1B54AC6B003D4339 /* Frameworks */ = {
			isa = PBXFrameworksBuildPhase;
			buildActionMask = 2147483647;
			files = (
			);
			runOnlyForDeploymentPostprocessing = 0;
		};
/* End PBXFrameworksBuildPhase section */

/* Begin PBXGroup section */
		2854BD9F1B54AC6B003D4339 = {
			isa = PBXGroup;
			children = (
				2854BDAA1B54AC6B003D4339 /* QRCodeReader */,
				2854BDC01B54AC6B003D4339 /* QRCodeReaderTests */,
				2854BDA91B54AC6B003D4339 /* Products */,
			);
			sourceTree = "<group>";
		};
		2854BDA91B54AC6B003D4339 /* Products */ = {
			isa = PBXGroup;
			children = (
				2854BDA81B54AC6B003D4339 /* QRCodeReader.app */,
				2854BDBD1B54AC6B003D4339 /* QRCodeReaderTests.xctest */,
			);
			name = Products;
			sourceTree = "<group>";
		};
		2854BDAA1B54AC6B003D4339 /* QRCodeReader */ = {
			isa = PBXGroup;
			children = (
				2854BDAD1B54AC6B003D4339 /* AppDelegate.swift */,
				2854BDAF1B54AC6B003D4339 /* ViewController.swift */,
				2854BDB11B54AC6B003D4339 /* Main.storyboard */,
				2854BDB41B54AC6B003D4339 /* Images.xcassets */,
				2854BDB61B54AC6B003D4339 /* LaunchScreen.xib */,
				2854BDAB1B54AC6B003D4339 /* Supporting Files */,
			);
			path = QRCodeReader;
			sourceTree = "<group>";
		};
		2854BDAB1B54AC6B003D4339 /* Supporting Files */ = {
			isa = PBXGroup;
			children = (
				2854BDAC1B54AC6B003D4339 /* Info.plist */,
			);
			name = "Supporting Files";
			sourceTree = "<group>";
		};
		2854BDC01B54AC6B003D4339 /* QRCodeReaderTests */ = {
			isa = PBXGroup;
			children = (
				2854BDC31B54AC6B003D4339 /* QRCodeReaderTests.swift */,
				2854BDC11B54AC6B003D4339 /* Supporting Files */,
			);
			path = QRCodeReaderTests;
			sourceTree = "<group>";
		};
		2854BDC11B54AC6B003D4339 /* Supporting Files */ = {
			isa = PBXGroup;
			children = (
				2854BDC21B54AC6B003D4339 /* Info.plist */,
			);
			name = "Supporting Files";
			sourceTree = "<group>";
		};
/* End PBXGroup section */

/* Begin PBXNativeTarget section */
		2854BDA71B54AC6B003D4339 /* QRCodeReader */ = {
			isa = PBXNativeTarget;
			buildConfigurationList = 2854BDC71B54AC6B003D4339 /* Build configuration list for PBXNativeTarget "QRCodeReader" */;
			buildPhases = (
				2854BDA41B54AC6B003D4339 /* Sources */,
				2854BDA51B54AC6B003D4339 /* Frameworks */,
				2854BDA61B54AC6B003D4339 /* Resources */,
			);
			buildRules = (
			);
			dependencies = (
			);
			name = QRCodeReader;
			productName = QRCodeReader;
			productReference = 2854BDA81B54AC6B003D4339 /* QRCodeReader.app */;
			productType = "com.apple.product-type.application";
		};
		2854BDBC1B54AC6B003D4339 /* QRCodeReaderTests */ = {
			isa = PBXNativeTarget;
			buildConfigurationList = 2854BDCA1B54AC6B003D4339 /* Build configuration list for PBXNativeTarget "QRCodeReaderTests" */;
			buildPhases = (
				2854BDB91B54AC6B003D4339 /* Sources */,
				2854BDBA1B54AC6B003D4339 /* Frameworks */,
				2854BDBB1B54AC6B003D4339 /* Resources */,
			);
			buildRules = (
			);
			dependencies = (
				2854BDBF1B54AC6B003D4339 /* PBXTargetDependency */,
			);
			name = QRCodeReaderTests;
			productName = QRCodeReaderTests;
			productReference = 2854BDBD1B54AC6B003D4339 /* QRCodeReaderTests.xctest */;
			productType = "com.apple.product-type.bundle.unit-test";
		};
/* End PBXNativeTarget section */

/* Begin PBXProject section */
		2854BDA01B54AC6B003D4339 /* Project object */ = {
			isa = PBXProject;
			attributes = {
				LastUpgradeCheck = 0640;
				ORGANIZATIONNAME = Han_Luo;
				TargetAttributes = {
					2854BDA71B54AC6B003D4339 = {
						CreatedOnToolsVersion = 6.4;
					};
					2854BDBC1B54AC6B003D4339 = {
						CreatedOnToolsVersion = 6.4;
						TestTargetID = 2854BDA71B54AC6B003D4339;
					};
				};
			};
			buildConfigurationList = 2854BDA31B54AC6B003D4339 /* Build configuration list for PBXProject "QRCodeReader" */;
			compatibilityVersion = "Xcode 3.2";
			developmentRegion = English;
			hasScannedForEncodings = 0;
			knownRegions = (
				en,
				Base,
			);
			mainGroup = 2854BD9F1B54AC6B003D4339;
			productRefGroup = 2854BDA91B54AC6B003D4339 /* Products */;
			projectDirPath = "";
			projectRoot = "";
			targets = (
				2854BDA71B54AC6B003D4339 /* QRCodeReader */,
				2854BDBC1B54AC6B003D4339 /* QRCodeReaderTests */,
			);
		};
/* End PBXProject section */

/* Begin PBXResourcesBuildPhase section */
		2854BDA61B54AC6B003D4339 /* Resources */ = {
			isa = PBXResourcesBuildPhase;
			buildActionMask = 2147483647;
			files = (
				2854BDB31B54AC6B003D4339 /* Main.storyboard in Resources */,
				2854BDB81B54AC6B003D4339 /* LaunchScreen.xib in Resources */,
				2854BDB51B54AC6B003D4339 /* Images.xcassets in Resources */,
			);
			runOnlyForDeploymentPostprocessing = 0;
		};
		2854BDBB1B54AC6B003D4339 /* Resources */ = {
			isa = PBXResourcesBuildPhase;
			buildActionMask = 2147483647;
			files = (
			);
			runOnlyForDeploymentPostprocessing = 0;
		};
/* End PBXResourcesBuildPhase section */

/* Begin PBXSourcesBuildPhase section */
		2854BDA41B54AC6B003D4339 /* Sources */ = {
			isa = PBXSourcesBuildPhase;
			buildActionMask = 2147483647;
			files = (
				2854BDB01B54AC6B003D4339 /* ViewController.swift in Sources */,
				2854BDAE1B54AC6B003D4339 /* AppDelegate.swift in Sources */,
			);
			runOnlyForDeploymentPostprocessing = 0;
		};
		2854BDB91B54AC6B003D4339 /* Sources */ = {
			isa = PBXSourcesBuildPhase;
			buildActionMask = 2147483647;
			files = (
				2854BDC41B54AC6B003D4339 /* QRCodeReaderTests.swift in Sources */,
			);
			runOnlyForDeploymentPostprocessing = 0;
		};
/* End PBXSourcesBuildPhase section */

/* Begin PBXTargetDependency section */
		2854BDBF1B54AC6B003D4339 /* PBXTargetDependency */ = {
			isa = PBXTargetDependency;
			target = 2854BDA71B54AC6B003D4339 /* QRCodeReader */;
			targetProxy = 2854BDBE1B54AC6B003D4339 /* PBXContainerItemProxy */;
		};
/* End PBXTargetDependency section */

/* Begin PBXVariantGroup section */
		2854BDB11B54AC6B003D4339 /* Main.storyboard */ = {
			isa = PBXVariantGroup;
			children = (
				2854BDB21B54AC6B003D4339 /* Base */,
			);
			name = Main.storyboard;
			sourceTree = "<group>";
		};
		2854BDB61B54AC6B003D4339 /* LaunchScreen.xib */ = {
			isa = PBXVariantGroup;
			children = (
				2854BDB71B54AC6B003D4339 /* Base */,
			);
			name = LaunchScreen.xib;
			sourceTree = "<group>";
		};
/* End PBXVariantGroup section */

/* Begin XCBuildConfiguration section */
		2854BDC51B54AC6B003D4339 /* Debug */ = {
			isa = XCBuildConfiguration;
			buildSettings = {
				ALWAYS_SEARCH_USER_PATHS = NO;
				CLANG_CXX_LANGUAGE_STANDARD = "gnu++0x";
				CLANG_CXX_LIBRARY = "libc++";
				CLANG_ENABLE_MODULES = YES;
				CLANG_ENABLE_OBJC_ARC = YES;
				CLANG_WARN_BOOL_CONVERSION = YES;
				CLANG_WARN_CONSTANT_CONVERSION = YES;
				CLANG_WARN_DIRECT_OBJC_ISA_USAGE = YES_ERROR;
				CLANG_WARN_EMPTY_BODY = YES;
				CLANG_WARN_ENUM_CONVERSION = YES;
				CLANG_WARN_INT_CONVERSION = YES;
				CLANG_WARN_OBJC_ROOT_CLASS = YES_ERROR;
				CLANG_WARN_UNREACHABLE_CODE = YES;
				CLANG_WARN__DUPLICATE_METHOD_MATCH = YES;
				"CODE_SIGN_IDENTITY[sdk=iphoneos*]" = "iPhone Developer";
				COPY_PHASE_STRIP = NO;
				DEBUG_INFORMATION_FORMAT = "dwarf-with-dsym";
				ENABLE_STRICT_OBJC_MSGSEND = YES;
				GCC_C_LANGUAGE_STANDARD = gnu99;
				GCC_DYNAMIC_NO_PIC = NO;
				GCC_NO_COMMON_BLOCKS = YES;
				GCC_OPTIMIZATION_LEVEL = 0;
				GCC_PREPROCESSOR_DEFINITIONS = (
					"DEBUG=1",
					"$(inherited)",
				);
				GCC_SYMBOLS_PRIVATE_EXTERN = NO;
				GCC_WARN_64_TO_32_BIT_CONVERSION = YES;
				GCC_WARN_ABOUT_RETURN_TYPE = YES_ERROR;
				GCC_WARN_UNDECLARED_SELECTOR = YES;
				GCC_WARN_UNINITIALIZED_AUTOS = YES_AGGRESSIVE;
				GCC_WARN_UNUSED_FUNCTION = YES;
				GCC_WARN_UNUSED_VARIABLE = YES;
				IPHONEOS_DEPLOYMENT_TARGET = 8.4;
				MTL_ENABLE_DEBUG_INFO = YES;
				ONLY_ACTIVE_ARCH = YES;
				SDKROOT = iphoneos;
				SWIFT_OPTIMIZATION_LEVEL = "-Onone";
			};
			name = Debug;
		};
		2854BDC61B54AC6B003D4339 /* Release */ = {
			isa = XCBuildConfiguration;
			buildSettings = {
				ALWAYS_SEARCH_USER_PATHS = NO;
				CLANG_CXX_LANGUAGE_STANDARD = "gnu++0x";
				CLANG_CXX_LIBRARY = "libc++";
				CLANG_ENABLE_MODULES = YES;
				CLANG_ENABLE_OBJC_ARC = YES;
				CLANG_WARN_BOOL_CONVERSION = YES;
				CLANG_WARN_CONSTANT_CONVERSION = YES;
				CLANG_WARN_DIRECT_OBJC_ISA_USAGE = YES_ERROR;
				CLANG_WARN_EMPTY_BODY = YES;
				CLANG_WARN_ENUM_CONVERSION = YES;
				CLANG_WARN_INT_CONVERSION = YES;
				CLANG_WARN_OBJC_ROOT_CLASS = YES_ERROR;
				CLANG_WARN_UNREACHABLE_CODE = YES;
				CLANG_WARN__DUPLICATE_METHOD_MATCH = YES;
				"CODE_SIGN_IDENTITY[sdk=iphoneos*]" = "iPhone Developer";
				COPY_PHASE_STRIP = NO;
				DEBUG_INFORMATION_FORMAT = "dwarf-with-dsym";
				ENABLE_NS_ASSERTIONS = NO;
				ENABLE_STRICT_OBJC_MSGSEND = YES;
				GCC_C_LANGUAGE_STANDARD = gnu99;
				GCC_NO_COMMON_BLOCKS = YES;
				GCC_WARN_64_TO_32_BIT_CONVERSION = YES;
				GCC_WARN_ABOUT_RETURN_TYPE = YES_ERROR;
				GCC_WARN_UNDECLARED_SELECTOR = YES;
				GCC_WARN_UNINITIALIZED_AUTOS = YES_AGGRESSIVE;
				GCC_WARN_UNUSED_FUNCTION = YES;
				GCC_WARN_UNUSED_VARIABLE = YES;
				IPHONEOS_DEPLOYMENT_TARGET = 8.4;
				MTL_ENABLE_DEBUG_INFO = NO;
				SDKROOT = iphoneos;
				VALIDATE_PRODUCT = YES;
			};
			name = Release;
		};
		2854BDC81B54AC6B003D4339 /* Debug */ = {
			isa = XCBuildConfiguration;
			buildSettings = {
				ASSETCATALOG_COMPILER_APPICON_NAME = AppIcon;
				INFOPLIST_FILE = QRCodeReader/Info.plist;
				LD_RUNPATH_SEARCH_PATHS = "$(inherited) @executable_path/Frameworks";
				PRODUCT_NAME = "$(TARGET_NAME)";
			};
			name = Debug;
		};
		2854BDC91B54AC6B003D4339 /* Release */ = {
			isa = XCBuildConfiguration;
			buildSettings = {
				ASSETCATALOG_COMPILER_APPICON_NAME = AppIcon;
				INFOPLIST_FILE = QRCodeReader/Info.plist;
				LD_RUNPATH_SEARCH_PATHS = "$(inherited) @executable_path/Frameworks";
				PRODUCT_NAME = "$(TARGET_NAME)";
			};
			name = Release;
		};
		2854BDCB1B54AC6B003D4339 /* Debug */ = {
			isa = XCBuildConfiguration;
			buildSettings = {
				BUNDLE_LOADER = "$(TEST_HOST)";
				FRAMEWORK_SEARCH_PATHS = (
					"$(SDKROOT)/Developer/Library/Frameworks",
					"$(inherited)",
				);
				GCC_PREPROCESSOR_DEFINITIONS = (
					"DEBUG=1",
					"$(inherited)",
				);
				INFOPLIST_FILE = QRCodeReaderTests/Info.plist;
				LD_RUNPATH_SEARCH_PATHS = "$(inherited) @executable_path/Frameworks @loader_path/Frameworks";
				PRODUCT_NAME = "$(TARGET_NAME)";
				TEST_HOST = "$(BUILT_PRODUCTS_DIR)/QRCodeReader.app/QRCodeReader";
			};
			name = Debug;
		};
		2854BDCC1B54AC6B003D4339 /* Release */ = {
			isa = XCBuildConfiguration;
			buildSettings = {
				BUNDLE_LOADER = "$(TEST_HOST)";
				FRAMEWORK_SEARCH_PATHS = (
					"$(SDKROOT)/Developer/Library/Frameworks",
					"$(inherited)",
				);
				INFOPLIST_FILE = QRCodeReaderTests/Info.plist;
				LD_RUNPATH_SEARCH_PATHS = "$(inherited) @executable_path/Frameworks @loader_path/Frameworks";
				PRODUCT_NAME = "$(TARGET_NAME)";
				TEST_HOST = "$(BUILT_PRODUCTS_DIR)/QRCodeReader.app/QRCodeReader";
			};
			name = Release;
		};
/* End XCBuildConfiguration section */

/* Begin XCConfigurationList section */
		2854BDA31B54AC6B003D4339 /* Build configuration list for PBXProject "QRCodeReader" */ = {
			isa = XCConfigurationList;
			buildConfigurations = (
				2854BDC51B54AC6B003D4339 /* Debug */,
				2854BDC61B54AC6B003D4339 /* Release */,
			);
			defaultConfigurationIsVisible = 0;
			defaultConfigurationName = Release;
		};
		2854BDC71B54AC6B003D4339 /* Build configuration list for PBXNativeTarget "QRCodeReader" */ = {
			isa = XCConfigurationList;
			buildConfigurations = (
				2854BDC81B54AC6B003D4339 /* Debug */,
				2854BDC91B54AC6B003D4339 /* Release */,
			);
			defaultConfigurationIsVisible = 0;
		};
		2854BDCA1B54AC6B003D4339 /* Build configuration list for PBXNativeTarget "QRCodeReaderTests" */ = {
			isa = XCConfigurationList;
			buildConfigurations = (
				2854BDCB1B54AC6B003D4339 /* Debug */,
				2854BDCC1B54AC6B003D4339 /* Release */,
			);
			defaultConfigurationIsVisible = 0;
		};
/* End XCConfigurationList section */
	};
	rootObject = 2854BDA01B54AC6B003D4339 /* Project object */;
}
