// !$*UTF8*$!
{
	archiveVersion = 1;
	classes = {
	};
	objectVersion = 47;
	objects = {

/* Begin PBXBuildFile section */
		28101D8F1BE0AA6E0081E982 /* MyNavigationController.swift in Sources */ = {isa = PBXBuildFile; fileRef = 28101D8D1BE0AA6E0081E982 /* MyNavigationController.swift */; };
		28101D901BE0AA6E0081E982 /* MyTabBarController.swift in Sources */ = {isa = PBXBuildFile; fileRef = 28101D8E1BE0AA6E0081E982 /* MyTabBarController.swift */; };
		284675721BD0E832007AB152 /* LogoutTableViewController.swift in Sources */ = {isa = PBXBuildFile; fileRef = 284675711BD0E832007AB152 /* LogoutTableViewController.swift */; };
		2846BCC71BC79BDC00A61CD9 /* BoardTypeTableViewController.swift in Sources */ = {isa = PBXBuildFile; fileRef = 2846BCC61BC79BDC00A61CD9 /* BoardTypeTableViewController.swift */; };
		284C72B61BDB625D00F179B2 /* RecordReviewCell.xib in Resources */ = {isa = PBXBuildFile; fileRef = 284C72B51BDB625D00F179B2 /* RecordReviewCell.xib */; };
		2854BDAE1B54AC6B003D4339 /* AppDelegate.swift in Sources */ = {isa = PBXBuildFile; fileRef = 2854BDAD1B54AC6B003D4339 /* AppDelegate.swift */; };
		2854BDB31B54AC6B003D4339 /* Main.storyboard in Resources */ = {isa = PBXBuildFile; fileRef = 2854BDB11B54AC6B003D4339 /* Main.storyboard */; };
		2854BDB51B54AC6B003D4339 /* Images.xcassets in Resources */ = {isa = PBXBuildFile; fileRef = 2854BDB41B54AC6B003D4339 /* Images.xcassets */; };
		2854BDB81B54AC6B003D4339 /* LaunchScreen.xib in Resources */ = {isa = PBXBuildFile; fileRef = 2854BDB61B54AC6B003D4339 /* LaunchScreen.xib */; };
		2854BDC41B54AC6B003D4339 /* MESTests.swift in Sources */ = {isa = PBXBuildFile; fileRef = 2854BDC31B54AC6B003D4339 /* MESTests.swift */; };
		285D47611BC8DF2300197A5C /* QRCodeReadingViewController.swift in Sources */ = {isa = PBXBuildFile; fileRef = 285D47601BC8DF2300197A5C /* QRCodeReadingViewController.swift */; };
		285D47651BCCC97500197A5C /* ProductCodeReadingViewController.swift in Sources */ = {isa = PBXBuildFile; fileRef = 285D47641BCCC97500197A5C /* ProductCodeReadingViewController.swift */; };
		285D47671BCCF23000197A5C /* Staff.swift in Sources */ = {isa = PBXBuildFile; fileRef = 285D47661BCCF23000197A5C /* Staff.swift */; };
		285D47691BCCF75300197A5C /* ProcessTableViewController.swift in Sources */ = {isa = PBXBuildFile; fileRef = 285D47681BCCF75300197A5C /* ProcessTableViewController.swift */; };
		285D47711BCDFBE700197A5C /* DetailedProcessTableViewController.swift in Sources */ = {isa = PBXBuildFile; fileRef = 285D47701BCDFBE700197A5C /* DetailedProcessTableViewController.swift */; };
		285D47751BCE30C900197A5C /* FinalViewController.swift in Sources */ = {isa = PBXBuildFile; fileRef = 285D47741BCE30C900197A5C /* FinalViewController.swift */; };
		285D47771BCE387C00197A5C /* Parameters.swift in Sources */ = {isa = PBXBuildFile; fileRef = 285D47761BCE387C00197A5C /* Parameters.swift */; };
		28655BF81BDB842000B8F1C2 /* RecordReviewCell.swift in Sources */ = {isa = PBXBuildFile; fileRef = 28655BF71BDB842000B8F1C2 /* RecordReviewCell.swift */; };
		2870FF151B9E72C400E91CBA /* MainViewController.swift in Sources */ = {isa = PBXBuildFile; fileRef = 2870FF141B9E72C400E91CBA /* MainViewController.swift */; };
		2899FA1C1B54D7D500DC946A /* PersonalInformationTableViewController.swift in Sources */ = {isa = PBXBuildFile; fileRef = 2899FA1B1B54D7D500DC946A /* PersonalInformationTableViewController.swift */; };
		28A0B2CD1BD8B3C0004E9CE3 /* Card.swift in Sources */ = {isa = PBXBuildFile; fileRef = 28A0B2CC1BD8B3C0004E9CE3 /* Card.swift */; };
		28A0B2CF1BD8C7BE004E9CE3 /* RecordReviewViewController.swift in Sources */ = {isa = PBXBuildFile; fileRef = 28A0B2CE1BD8C7BE004E9CE3 /* RecordReviewViewController.swift */; };
		28A0B2D11BD8C819004E9CE3 /* QualityControlSummaryViewController.swift in Sources */ = {isa = PBXBuildFile; fileRef = 28A0B2D01BD8C819004E9CE3 /* QualityControlSummaryViewController.swift */; };
		28BE9FCB1BC60947001F9F75 /* ProductSeriesViewController.swift in Sources */ = {isa = PBXBuildFile; fileRef = 28BE9FCA1BC60947001F9F75 /* ProductSeriesViewController.swift */; };
		28BE9FCF1BC649D0001F9F75 /* PhotoImage.swift in Sources */ = {isa = PBXBuildFile; fileRef = 28BE9FCE1BC649D0001F9F75 /* PhotoImage.swift */; };
		28F6F25B1BCF3C270072AC3F /* QualityControlPointViewController.swift in Sources */ = {isa = PBXBuildFile; fileRef = 28F6F25A1BCF3C270072AC3F /* QualityControlPointViewController.swift */; };
		BC0FAA4FF2CFC9FAEDAEC53C /* Pods.framework in Frameworks */ = {isa = PBXBuildFile; fileRef = 70909D6905FF36497EFBCFC6 /* Pods.framework */; settings = {ATTRIBUTES = (Weak, ); }; };
/* End PBXBuildFile section */

/* Begin PBXContainerItemProxy section */
		2854BDBE1B54AC6B003D4339 /* PBXContainerItemProxy */ = {
			isa = PBXContainerItemProxy;
			containerPortal = 2854BDA01B54AC6B003D4339 /* Project object */;
			proxyType = 1;
			remoteGlobalIDString = 2854BDA71B54AC6B003D4339;
			remoteInfo = QRCodeReader;
		};
/* End PBXContainerItemProxy section */

/* Begin PBXFileReference section */
		28101D8D1BE0AA6E0081E982 /* MyNavigationController.swift */ = {isa = PBXFileReference; fileEncoding = 4; lastKnownFileType = sourcecode.swift; path = MyNavigationController.swift; sourceTree = "<group>"; };
		28101D8E1BE0AA6E0081E982 /* MyTabBarController.swift */ = {isa = PBXFileReference; fileEncoding = 4; lastKnownFileType = sourcecode.swift; path = MyTabBarController.swift; sourceTree = "<group>"; };
		284675711BD0E832007AB152 /* LogoutTableViewController.swift */ = {isa = PBXFileReference; fileEncoding = 4; lastKnownFileType = sourcecode.swift; path = LogoutTableViewController.swift; sourceTree = "<group>"; };
		2846BCC61BC79BDC00A61CD9 /* BoardTypeTableViewController.swift */ = {isa = PBXFileReference; fileEncoding = 4; lastKnownFileType = sourcecode.swift; path = BoardTypeTableViewController.swift; sourceTree = "<group>"; };
		284C72B51BDB625D00F179B2 /* RecordReviewCell.xib */ = {isa = PBXFileReference; fileEncoding = 4; lastKnownFileType = file.xib; path = RecordReviewCell.xib; sourceTree = "<group>"; };
		2854BDA81B54AC6B003D4339 /* MES.app */ = {isa = PBXFileReference; explicitFileType = wrapper.application; includeInIndex = 0; path = MES.app; sourceTree = BUILT_PRODUCTS_DIR; };
		2854BDAC1B54AC6B003D4339 /* Info.plist */ = {isa = PBXFileReference; lastKnownFileType = text.plist.xml; path = Info.plist; sourceTree = "<group>"; };
		2854BDAD1B54AC6B003D4339 /* AppDelegate.swift */ = {isa = PBXFileReference; lastKnownFileType = sourcecode.swift; path = AppDelegate.swift; sourceTree = "<group>"; };
		2854BDB21B54AC6B003D4339 /* Base */ = {isa = PBXFileReference; lastKnownFileType = file.storyboard; name = Base; path = Base.lproj/Main.storyboard; sourceTree = "<group>"; };
		2854BDB41B54AC6B003D4339 /* Images.xcassets */ = {isa = PBXFileReference; lastKnownFileType = folder.assetcatalog; path = Images.xcassets; sourceTree = "<group>"; };
		2854BDB71B54AC6B003D4339 /* Base */ = {isa = PBXFileReference; lastKnownFileType = file.xib; name = Base; path = Base.lproj/LaunchScreen.xib; sourceTree = "<group>"; };
		2854BDBD1B54AC6B003D4339 /* MES.xctest */ = {isa = PBXFileReference; explicitFileType = wrapper.cfbundle; includeInIndex = 0; path = MES.xctest; sourceTree = BUILT_PRODUCTS_DIR; };
		2854BDC21B54AC6B003D4339 /* Info.plist */ = {isa = PBXFileReference; lastKnownFileType = text.plist.xml; path = Info.plist; sourceTree = "<group>"; };
		2854BDC31B54AC6B003D4339 /* MESTests.swift */ = {isa = PBXFileReference; lastKnownFileType = sourcecode.swift; path = MESTests.swift; sourceTree = "<group>"; };
		285D47601BC8DF2300197A5C /* QRCodeReadingViewController.swift */ = {isa = PBXFileReference; fileEncoding = 4; lastKnownFileType = sourcecode.swift; path = QRCodeReadingViewController.swift; sourceTree = "<group>"; };
		285D47641BCCC97500197A5C /* ProductCodeReadingViewController.swift */ = {isa = PBXFileReference; fileEncoding = 4; lastKnownFileType = sourcecode.swift; path = ProductCodeReadingViewController.swift; sourceTree = "<group>"; };
		285D47661BCCF23000197A5C /* Staff.swift */ = {isa = PBXFileReference; fileEncoding = 4; lastKnownFileType = sourcecode.swift; path = Staff.swift; sourceTree = "<group>"; };
		285D47681BCCF75300197A5C /* ProcessTableViewController.swift */ = {isa = PBXFileReference; fileEncoding = 4; lastKnownFileType = sourcecode.swift; path = ProcessTableViewController.swift; sourceTree = "<group>"; };
		285D47701BCDFBE700197A5C /* DetailedProcessTableViewController.swift */ = {isa = PBXFileReference; fileEncoding = 4; lastKnownFileType = sourcecode.swift; path = DetailedProcessTableViewController.swift; sourceTree = "<group>"; };
		285D47741BCE30C900197A5C /* FinalViewController.swift */ = {isa = PBXFileReference; fileEncoding = 4; lastKnownFileType = sourcecode.swift; path = FinalViewController.swift; sourceTree = "<group>"; };
		285D47761BCE387C00197A5C /* Parameters.swift */ = {isa = PBXFileReference; fileEncoding = 4; lastKnownFileType = sourcecode.swift; path = Parameters.swift; sourceTree = "<group>"; };
		28655BF71BDB842000B8F1C2 /* RecordReviewCell.swift */ = {isa = PBXFileReference; fileEncoding = 4; lastKnownFileType = sourcecode.swift; path = RecordReviewCell.swift; sourceTree = "<group>"; };
		2870FF141B9E72C400E91CBA /* MainViewController.swift */ = {isa = PBXFileReference; fileEncoding = 4; lastKnownFileType = sourcecode.swift; path = MainViewController.swift; sourceTree = "<group>"; };
		2899FA1B1B54D7D500DC946A /* PersonalInformationTableViewController.swift */ = {isa = PBXFileReference; fileEncoding = 4; lastKnownFileType = sourcecode.swift; path = PersonalInformationTableViewController.swift; sourceTree = "<group>"; };
		28A0B2CC1BD8B3C0004E9CE3 /* Card.swift */ = {isa = PBXFileReference; fileEncoding = 4; lastKnownFileType = sourcecode.swift; path = Card.swift; sourceTree = "<group>"; };
		28A0B2CE1BD8C7BE004E9CE3 /* RecordReviewViewController.swift */ = {isa = PBXFileReference; fileEncoding = 4; lastKnownFileType = sourcecode.swift; path = RecordReviewViewController.swift; sourceTree = "<group>"; };
		28A0B2D01BD8C819004E9CE3 /* QualityControlSummaryViewController.swift */ = {isa = PBXFileReference; fileEncoding = 4; lastKnownFileType = sourcecode.swift; path = QualityControlSummaryViewController.swift; sourceTree = "<group>"; };
		28BE9FCA1BC60947001F9F75 /* ProductSeriesViewController.swift */ = {isa = PBXFileReference; fileEncoding = 4; lastKnownFileType = sourcecode.swift; path = ProductSeriesViewController.swift; sourceTree = "<group>"; };
		28BE9FCE1BC649D0001F9F75 /* PhotoImage.swift */ = {isa = PBXFileReference; fileEncoding = 4; lastKnownFileType = sourcecode.swift; path = PhotoImage.swift; sourceTree = "<group>"; };
		28F6F25A1BCF3C270072AC3F /* QualityControlPointViewController.swift */ = {isa = PBXFileReference; fileEncoding = 4; lastKnownFileType = sourcecode.swift; path = QualityControlPointViewController.swift; sourceTree = "<group>"; };
		53A664BA3B83A36E3E7AACB2 /* Pods.debug.xcconfig */ = {isa = PBXFileReference; includeInIndex = 1; lastKnownFileType = text.xcconfig; name = Pods.debug.xcconfig; path = "Pods/Target Support Files/Pods/Pods.debug.xcconfig"; sourceTree = "<group>"; };
		70909D6905FF36497EFBCFC6 /* Pods.framework */ = {isa = PBXFileReference; explicitFileType = wrapper.framework; includeInIndex = 0; path = Pods.framework; sourceTree = BUILT_PRODUCTS_DIR; };
		B365A3DA55A0B0CCA81ED76C /* Pods.release.xcconfig */ = {isa = PBXFileReference; includeInIndex = 1; lastKnownFileType = text.xcconfig; name = Pods.release.xcconfig; path = "Pods/Target Support Files/Pods/Pods.release.xcconfig"; sourceTree = "<group>"; };
/* End PBXFileReference section */

/* Begin PBXFrameworksBuildPhase section */
		2854BDA51B54AC6B003D4339 /* Frameworks */ = {
			isa = PBXFrameworksBuildPhase;
			buildActionMask = 2147483647;
			files = (
				BC0FAA4FF2CFC9FAEDAEC53C /* Pods.framework in Frameworks */,
			);
			runOnlyForDeploymentPostprocessing = 0;
		};
		2854BDBA1B54AC6B003D4339 /* Frameworks */ = {
			isa = PBXFrameworksBuildPhase;
			buildActionMask = 2147483647;
			files = (
			);
			runOnlyForDeploymentPostprocessing = 0;
		};
/* End PBXFrameworksBuildPhase section */

/* Begin PBXGroup section */
		2854BD9F1B54AC6B003D4339 = {
			isa = PBXGroup;
			children = (
				2854BDAA1B54AC6B003D4339 /* MES */,
				2854BDC01B54AC6B003D4339 /* MESTests */,
				2854BDA91B54AC6B003D4339 /* Products */,
				C6996BB1566E89DD10B0A8E9 /* Pods */,
				737F9BEED70035947C6979E4 /* Frameworks */,
			);
			sourceTree = "<group>";
		};
		2854BDA91B54AC6B003D4339 /* Products */ = {
			isa = PBXGroup;
			children = (
				2854BDA81B54AC6B003D4339 /* MES.app */,
				2854BDBD1B54AC6B003D4339 /* MES.xctest */,
			);
			name = Products;
			sourceTree = "<group>";
		};
		2854BDAA1B54AC6B003D4339 /* MES */ = {
			isa = PBXGroup;
			children = (
				2854BDB11B54AC6B003D4339 /* Main.storyboard */,
				2854BDAD1B54AC6B003D4339 /* AppDelegate.swift */,
				2870FF141B9E72C400E91CBA /* MainViewController.swift */,
				285D47601BC8DF2300197A5C /* QRCodeReadingViewController.swift */,
				2899FA1B1B54D7D500DC946A /* PersonalInformationTableViewController.swift */,
				28BE9FCA1BC60947001F9F75 /* ProductSeriesViewController.swift */,
				284675711BD0E832007AB152 /* LogoutTableViewController.swift */,
				285D47641BCCC97500197A5C /* ProductCodeReadingViewController.swift */,
				2846BCC61BC79BDC00A61CD9 /* BoardTypeTableViewController.swift */,
				285D47681BCCF75300197A5C /* ProcessTableViewController.swift */,
				28A0B2D01BD8C819004E9CE3 /* QualityControlSummaryViewController.swift */,
				28A0B2CE1BD8C7BE004E9CE3 /* RecordReviewViewController.swift */,
				285D47701BCDFBE700197A5C /* DetailedProcessTableViewController.swift */,
				285D47741BCE30C900197A5C /* FinalViewController.swift */,
				28F6F25A1BCF3C270072AC3F /* QualityControlPointViewController.swift */,
				2854BDAB1B54AC6B003D4339 /* Supporting Files */,
			);
			path = MES;
			sourceTree = "<group>";
		};
		2854BDAB1B54AC6B003D4339 /* Supporting Files */ = {
			isa = PBXGroup;
			children = (
				2854BDB41B54AC6B003D4339 /* Images.xcassets */,
				2854BDB61B54AC6B003D4339 /* LaunchScreen.xib */,
				28BE9FCE1BC649D0001F9F75 /* PhotoImage.swift */,
				285D47661BCCF23000197A5C /* Staff.swift */,
				28A0B2CC1BD8B3C0004E9CE3 /* Card.swift */,
				284C72B51BDB625D00F179B2 /* RecordReviewCell.xib */,
				28655BF71BDB842000B8F1C2 /* RecordReviewCell.swift */,
				285D47761BCE387C00197A5C /* Parameters.swift */,
				28101D8D1BE0AA6E0081E982 /* MyNavigationController.swift */,
				28101D8E1BE0AA6E0081E982 /* MyTabBarController.swift */,
				2854BDAC1B54AC6B003D4339 /* Info.plist */,
			);
			name = "Supporting Files";
			sourceTree = "<group>";
		};
		2854BDC01B54AC6B003D4339 /* MESTests */ = {
			isa = PBXGroup;
			children = (
				2854BDC31B54AC6B003D4339 /* MESTests.swift */,
				2854BDC11B54AC6B003D4339 /* Supporting Files */,
			);
			path = MESTests;
			sourceTree = "<group>";
		};
		2854BDC11B54AC6B003D4339 /* Supporting Files */ = {
			isa = PBXGroup;
			children = (
				2854BDC21B54AC6B003D4339 /* Info.plist */,
			);
			name = "Supporting Files";
			sourceTree = "<group>";
		};
		737F9BEED70035947C6979E4 /* Frameworks */ = {
			isa = PBXGroup;
			children = (
				70909D6905FF36497EFBCFC6 /* Pods.framework */,
			);
			name = Frameworks;
			sourceTree = "<group>";
		};
		C6996BB1566E89DD10B0A8E9 /* Pods */ = {
			isa = PBXGroup;
			children = (
				53A664BA3B83A36E3E7AACB2 /* Pods.debug.xcconfig */,
				B365A3DA55A0B0CCA81ED76C /* Pods.release.xcconfig */,
			);
			name = Pods;
			sourceTree = "<group>";
		};
/* End PBXGroup section */

/* Begin PBXNativeTarget section */
		2854BDA71B54AC6B003D4339 /* MES */ = {
			isa = PBXNativeTarget;
			buildConfigurationList = 2854BDC71B54AC6B003D4339 /* Build configuration list for PBXNativeTarget "MES" */;
			buildPhases = (
				593F21279C97C818AD40E8DE /* Check Pods Manifest.lock */,
				2854BDA41B54AC6B003D4339 /* Sources */,
				2854BDA51B54AC6B003D4339 /* Frameworks */,
				2854BDA61B54AC6B003D4339 /* Resources */,
				4D073779FE9115FB73D38B55 /* Embed Pods Frameworks */,
				65AFB1025426E5E800DB227A /* Copy Pods Resources */,
			);
			buildRules = (
			);
			dependencies = (
			);
			name = MES;
			productName = QRCodeReader;
			productReference = 2854BDA81B54AC6B003D4339 /* MES.app */;
			productType = "com.apple.product-type.application";
		};
		2854BDBC1B54AC6B003D4339 /* MESTests */ = {
			isa = PBXNativeTarget;
			buildConfigurationList = 2854BDCA1B54AC6B003D4339 /* Build configuration list for PBXNativeTarget "MESTests" */;
			buildPhases = (
				2854BDB91B54AC6B003D4339 /* Sources */,
				2854BDBA1B54AC6B003D4339 /* Frameworks */,
				2854BDBB1B54AC6B003D4339 /* Resources */,
			);
			buildRules = (
			);
			dependencies = (
				2854BDBF1B54AC6B003D4339 /* PBXTargetDependency */,
			);
			name = MESTests;
			productName = QRCodeReaderTests;
			productReference = 2854BDBD1B54AC6B003D4339 /* MES.xctest */;
			productType = "com.apple.product-type.bundle.unit-test";
		};
/* End PBXNativeTarget section */

/* Begin PBXProject section */
		2854BDA01B54AC6B003D4339 /* Project object */ = {
			isa = PBXProject;
			attributes = {
				LastSwiftMigration = 0700;
				LastSwiftUpdateCheck = 0700;
				LastUpgradeCheck = 0700;
				ORGANIZATIONNAME = Han_Luo;
				TargetAttributes = {
					2854BDA71B54AC6B003D4339 = {
						CreatedOnToolsVersion = 6.4;
						DevelopmentTeam = 6ZA6QVSZ7G;
					};
					2854BDBC1B54AC6B003D4339 = {
						CreatedOnToolsVersion = 6.4;
						TestTargetID = 2854BDA71B54AC6B003D4339;
					};
				};
			};
			buildConfigurationList = 2854BDA31B54AC6B003D4339 /* Build configuration list for PBXProject "MES" */;
			compatibilityVersion = "Xcode 6.3";
			developmentRegion = English;
			hasScannedForEncodings = 0;
			knownRegions = (
				Base,
			);
			mainGroup = 2854BD9F1B54AC6B003D4339;
			productRefGroup = 2854BDA91B54AC6B003D4339 /* Products */;
			projectDirPath = "";
			projectRoot = "";
			targets = (
				2854BDA71B54AC6B003D4339 /* MES */,
				2854BDBC1B54AC6B003D4339 /* MESTests */,
			);
		};
/* End PBXProject section */

/* Begin PBXResourcesBuildPhase section */
		2854BDA61B54AC6B003D4339 /* Resources */ = {
			isa = PBXResourcesBuildPhase;
			buildActionMask = 2147483647;
			files = (
				2854BDB31B54AC6B003D4339 /* Main.storyboard in Resources */,
				2854BDB81B54AC6B003D4339 /* LaunchScreen.xib in Resources */,
				284C72B61BDB625D00F179B2 /* RecordReviewCell.xib in Resources */,
				2854BDB51B54AC6B003D4339 /* Images.xcassets in Resources */,
			);
			runOnlyForDeploymentPostprocessing = 0;
		};
		2854BDBB1B54AC6B003D4339 /* Resources */ = {
			isa = PBXResourcesBuildPhase;
			buildActionMask = 2147483647;
			files = (
			);
			runOnlyForDeploymentPostprocessing = 0;
		};
/* End PBXResourcesBuildPhase section */

/* Begin PBXShellScriptBuildPhase section */
		4D073779FE9115FB73D38B55 /* Embed Pods Frameworks */ = {
			isa = PBXShellScriptBuildPhase;
			buildActionMask = 2147483647;
			files = (
			);
			inputPaths = (
			);
			name = "Embed Pods Frameworks";
			outputPaths = (
			);
			runOnlyForDeploymentPostprocessing = 0;
			shellPath = /bin/sh;
			shellScript = "\"${SRCROOT}/Pods/Target Support Files/Pods/Pods-frameworks.sh\"\n";
			showEnvVarsInLog = 0;
		};
		593F21279C97C818AD40E8DE /* Check Pods Manifest.lock */ = {
			isa = PBXShellScriptBuildPhase;
			buildActionMask = 2147483647;
			files = (
			);
			inputPaths = (
			);
			name = "Check Pods Manifest.lock";
			outputPaths = (
			);
			runOnlyForDeploymentPostprocessing = 0;
			shellPath = /bin/sh;
			shellScript = "diff \"${PODS_ROOT}/../Podfile.lock\" \"${PODS_ROOT}/Manifest.lock\" > /dev/null\nif [[ $? != 0 ]] ; then\n    cat << EOM\nerror: The sandbox is not in sync with the Podfile.lock. Run 'pod install' or update your CocoaPods installation.\nEOM\n    exit 1\nfi\n";
			showEnvVarsInLog = 0;
		};
		65AFB1025426E5E800DB227A /* Copy Pods Resources */ = {
			isa = PBXShellScriptBuildPhase;
			buildActionMask = 2147483647;
			files = (
			);
			inputPaths = (
			);
			name = "Copy Pods Resources";
			outputPaths = (
			);
			runOnlyForDeploymentPostprocessing = 0;
			shellPath = /bin/sh;
			shellScript = "\"${SRCROOT}/Pods/Target Support Files/Pods/Pods-resources.sh\"\n";
			showEnvVarsInLog = 0;
		};
/* End PBXShellScriptBuildPhase section */

/* Begin PBXSourcesBuildPhase section */
		2854BDA41B54AC6B003D4339 /* Sources */ = {
			isa = PBXSourcesBuildPhase;
			buildActionMask = 2147483647;
			files = (
				285D47671BCCF23000197A5C /* Staff.swift in Sources */,
				285D47751BCE30C900197A5C /* FinalViewController.swift in Sources */,
				285D47711BCDFBE700197A5C /* DetailedProcessTableViewController.swift in Sources */,
				2854BDAE1B54AC6B003D4339 /* AppDelegate.swift in Sources */,
				28BE9FCB1BC60947001F9F75 /* ProductSeriesViewController.swift in Sources */,
				2846BCC71BC79BDC00A61CD9 /* BoardTypeTableViewController.swift in Sources */,
				285D47611BC8DF2300197A5C /* QRCodeReadingViewController.swift in Sources */,
				28A0B2D11BD8C819004E9CE3 /* QualityControlSummaryViewController.swift in Sources */,
				2899FA1C1B54D7D500DC946A /* PersonalInformationTableViewController.swift in Sources */,
				285D47691BCCF75300197A5C /* ProcessTableViewController.swift in Sources */,
				28F6F25B1BCF3C270072AC3F /* QualityControlPointViewController.swift in Sources */,
				28BE9FCF1BC649D0001F9F75 /* PhotoImage.swift in Sources */,
				285D47651BCCC97500197A5C /* ProductCodeReadingViewController.swift in Sources */,
				28101D8F1BE0AA6E0081E982 /* MyNavigationController.swift in Sources */,
				28A0B2CF1BD8C7BE004E9CE3 /* RecordReviewViewController.swift in Sources */,
				285D47771BCE387C00197A5C /* Parameters.swift in Sources */,
				284675721BD0E832007AB152 /* LogoutTableViewController.swift in Sources */,
				2870FF151B9E72C400E91CBA /* MainViewController.swift in Sources */,
				28655BF81BDB842000B8F1C2 /* RecordReviewCell.swift in Sources */,
				28A0B2CD1BD8B3C0004E9CE3 /* Card.swift in Sources */,
				28101D901BE0AA6E0081E982 /* MyTabBarController.swift in Sources */,
			);
			runOnlyForDeploymentPostprocessing = 0;
		};
		2854BDB91B54AC6B003D4339 /* Sources */ = {
			isa = PBXSourcesBuildPhase;
			buildActionMask = 2147483647;
			files = (
				2854BDC41B54AC6B003D4339 /* MESTests.swift in Sources */,
			);
			runOnlyForDeploymentPostprocessing = 0;
		};
/* End PBXSourcesBuildPhase section */

/* Begin PBXTargetDependency section */
		2854BDBF1B54AC6B003D4339 /* PBXTargetDependency */ = {
			isa = PBXTargetDependency;
			target = 2854BDA71B54AC6B003D4339 /* MES */;
			targetProxy = 2854BDBE1B54AC6B003D4339 /* PBXContainerItemProxy */;
		};
/* End PBXTargetDependency section */

/* Begin PBXVariantGroup section */
		2854BDB11B54AC6B003D4339 /* Main.storyboard */ = {
			isa = PBXVariantGroup;
			children = (
				2854BDB21B54AC6B003D4339 /* Base */,
			);
			name = Main.storyboard;
			sourceTree = "<group>";
		};
		2854BDB61B54AC6B003D4339 /* LaunchScreen.xib */ = {
			isa = PBXVariantGroup;
			children = (
				2854BDB71B54AC6B003D4339 /* Base */,
			);
			name = LaunchScreen.xib;
			sourceTree = "<group>";
		};
/* End PBXVariantGroup section */

/* Begin XCBuildConfiguration section */
		2854BDC51B54AC6B003D4339 /* Debug */ = {
			isa = XCBuildConfiguration;
			buildSettings = {
				ALWAYS_SEARCH_USER_PATHS = NO;
				CLANG_CXX_LANGUAGE_STANDARD = "gnu++0x";
				CLANG_CXX_LIBRARY = "libc++";
				CLANG_ENABLE_MODULES = YES;
				CLANG_ENABLE_OBJC_ARC = YES;
				CLANG_WARN_BOOL_CONVERSION = YES;
				CLANG_WARN_CONSTANT_CONVERSION = YES;
				CLANG_WARN_DIRECT_OBJC_ISA_USAGE = YES_ERROR;
				CLANG_WARN_EMPTY_BODY = YES;
				CLANG_WARN_ENUM_CONVERSION = YES;
				CLANG_WARN_INT_CONVERSION = YES;
				CLANG_WARN_OBJC_ROOT_CLASS = YES_ERROR;
				CLANG_WARN_UNREACHABLE_CODE = YES;
				CLANG_WARN__DUPLICATE_METHOD_MATCH = YES;
				"CODE_SIGN_IDENTITY[sdk=iphoneos*]" = "iPhone Developer";
				COPY_PHASE_STRIP = NO;
				DEBUG_INFORMATION_FORMAT = "dwarf-with-dsym";
				ENABLE_STRICT_OBJC_MSGSEND = YES;
				ENABLE_TESTABILITY = YES;
				GCC_C_LANGUAGE_STANDARD = gnu99;
				GCC_DYNAMIC_NO_PIC = NO;
				GCC_NO_COMMON_BLOCKS = YES;
				GCC_OPTIMIZATION_LEVEL = 0;
				GCC_PREPROCESSOR_DEFINITIONS = (
					"DEBUG=1",
					"$(inherited)",
				);
				GCC_SYMBOLS_PRIVATE_EXTERN = NO;
				GCC_WARN_64_TO_32_BIT_CONVERSION = YES;
				GCC_WARN_ABOUT_RETURN_TYPE = YES_ERROR;
				GCC_WARN_UNDECLARED_SELECTOR = YES;
				GCC_WARN_UNINITIALIZED_AUTOS = YES_AGGRESSIVE;
				GCC_WARN_UNUSED_FUNCTION = YES;
				GCC_WARN_UNUSED_VARIABLE = YES;
				IPHONEOS_DEPLOYMENT_TARGET = 8.4;
				MTL_ENABLE_DEBUG_INFO = YES;
				ONLY_ACTIVE_ARCH = YES;
				SDKROOT = iphoneos;
				SWIFT_OPTIMIZATION_LEVEL = "-Onone";
			};
			name = Debug;
		};
		2854BDC61B54AC6B003D4339 /* Release */ = {
			isa = XCBuildConfiguration;
			buildSettings = {
				ALWAYS_SEARCH_USER_PATHS = NO;
				CLANG_CXX_LANGUAGE_STANDARD = "gnu++0x";
				CLANG_CXX_LIBRARY = "libc++";
				CLANG_ENABLE_MODULES = YES;
				CLANG_ENABLE_OBJC_ARC = YES;
				CLANG_WARN_BOOL_CONVERSION = YES;
				CLANG_WARN_CONSTANT_CONVERSION = YES;
				CLANG_WARN_DIRECT_OBJC_ISA_USAGE = YES_ERROR;
				CLANG_WARN_EMPTY_BODY = YES;
				CLANG_WARN_ENUM_CONVERSION = YES;
				CLANG_WARN_INT_CONVERSION = YES;
				CLANG_WARN_OBJC_ROOT_CLASS = YES_ERROR;
				CLANG_WARN_UNREACHABLE_CODE = YES;
				CLANG_WARN__DUPLICATE_METHOD_MATCH = YES;
				"CODE_SIGN_IDENTITY[sdk=iphoneos*]" = "iPhone Developer";
				COPY_PHASE_STRIP = NO;
				DEBUG_INFORMATION_FORMAT = "dwarf-with-dsym";
				ENABLE_NS_ASSERTIONS = NO;
				ENABLE_STRICT_OBJC_MSGSEND = YES;
				GCC_C_LANGUAGE_STANDARD = gnu99;
				GCC_NO_COMMON_BLOCKS = YES;
				GCC_WARN_64_TO_32_BIT_CONVERSION = YES;
				GCC_WARN_ABOUT_RETURN_TYPE = YES_ERROR;
				GCC_WARN_UNDECLARED_SELECTOR = YES;
				GCC_WARN_UNINITIALIZED_AUTOS = YES_AGGRESSIVE;
				GCC_WARN_UNUSED_FUNCTION = YES;
				GCC_WARN_UNUSED_VARIABLE = YES;
				IPHONEOS_DEPLOYMENT_TARGET = 8.4;
				MTL_ENABLE_DEBUG_INFO = NO;
				SDKROOT = iphoneos;
				VALIDATE_PRODUCT = YES;
			};
			name = Release;
		};
		2854BDC81B54AC6B003D4339 /* Debug */ = {
			isa = XCBuildConfiguration;
			baseConfigurationReference = 53A664BA3B83A36E3E7AACB2 /* Pods.debug.xcconfig */;
			buildSettings = {
				ASSETCATALOG_COMPILER_APPICON_NAME = AppIcon;
				CODE_SIGN_IDENTITY = "iPhone Developer";
				INFOPLIST_FILE = "$(SRCROOT)/MES/Info.plist";
				IPHONEOS_DEPLOYMENT_TARGET = 8.4;
				LD_RUNPATH_SEARCH_PATHS = "$(inherited) @executable_path/Frameworks";
				PRODUCT_BUNDLE_IDENTIFIER = "Han.$(PRODUCT_NAME:rfc1034identifier)";
				PRODUCT_NAME = MES;
				TARGETED_DEVICE_FAMILY = "1,2";
			};
			name = Debug;
		};
		2854BDC91B54AC6B003D4339 /* Release */ = {
			isa = XCBuildConfiguration;
			baseConfigurationReference = B365A3DA55A0B0CCA81ED76C /* Pods.release.xcconfig */;
			buildSettings = {
				ASSETCATALOG_COMPILER_APPICON_NAME = AppIcon;
				CODE_SIGN_IDENTITY = "iPhone Developer";
				INFOPLIST_FILE = "$(SRCROOT)/MES/Info.plist";
				IPHONEOS_DEPLOYMENT_TARGET = 8.4;
				LD_RUNPATH_SEARCH_PATHS = "$(inherited) @executable_path/Frameworks";
				PRODUCT_BUNDLE_IDENTIFIER = "Han.$(PRODUCT_NAME:rfc1034identifier)";
				PRODUCT_NAME = MES;
				TARGETED_DEVICE_FAMILY = "1,2";
			};
			name = Release;
		};
		2854BDCB1B54AC6B003D4339 /* Debug */ = {
			isa = XCBuildConfiguration;
			buildSettings = {
				BUNDLE_LOADER = "$(TEST_HOST)";
				GCC_PREPROCESSOR_DEFINITIONS = (
					"DEBUG=1",
					"$(inherited)",
				);
				INFOPLIST_FILE = MESTests/Info.plist;
				LD_RUNPATH_SEARCH_PATHS = "$(inherited) @executable_path/Frameworks @loader_path/Frameworks";
				PRODUCT_BUNDLE_IDENTIFIER = "Han.$(PRODUCT_NAME:rfc1034identifier)";
				PRODUCT_NAME = MES;
				TEST_HOST = "$(BUILT_PRODUCTS_DIR)/MES.app/MES";
			};
			name = Debug;
		};
		2854BDCC1B54AC6B003D4339 /* Release */ = {
			isa = XCBuildConfiguration;
			buildSettings = {
				BUNDLE_LOADER = "$(TEST_HOST)";
				INFOPLIST_FILE = MESTests/Info.plist;
				LD_RUNPATH_SEARCH_PATHS = "$(inherited) @executable_path/Frameworks @loader_path/Frameworks";
				PRODUCT_BUNDLE_IDENTIFIER = "Han.$(PRODUCT_NAME:rfc1034identifier)";
				PRODUCT_NAME = MES;
				TEST_HOST = "$(BUILT_PRODUCTS_DIR)/MES.app/MES";
			};
			name = Release;
		};
/* End XCBuildConfiguration section */

/* Begin XCConfigurationList section */
		2854BDA31B54AC6B003D4339 /* Build configuration list for PBXProject "MES" */ = {
			isa = XCConfigurationList;
			buildConfigurations = (
				2854BDC51B54AC6B003D4339 /* Debug */,
				2854BDC61B54AC6B003D4339 /* Release */,
			);
			defaultConfigurationIsVisible = 0;
			defaultConfigurationName = Release;
		};
		2854BDC71B54AC6B003D4339 /* Build configuration list for PBXNativeTarget "MES" */ = {
			isa = XCConfigurationList;
			buildConfigurations = (
				2854BDC81B54AC6B003D4339 /* Debug */,
				2854BDC91B54AC6B003D4339 /* Release */,
			);
			defaultConfigurationIsVisible = 0;
			defaultConfigurationName = Release;
		};
		2854BDCA1B54AC6B003D4339 /* Build configuration list for PBXNativeTarget "MESTests" */ = {
			isa = XCConfigurationList;
			buildConfigurations = (
				2854BDCB1B54AC6B003D4339 /* Debug */,
				2854BDCC1B54AC6B003D4339 /* Release */,
			);
			defaultConfigurationIsVisible = 0;
			defaultConfigurationName = Release;
		};
/* End XCConfigurationList section */
	};
	rootObject = 2854BDA01B54AC6B003D4339 /* Project object */;
}
